
Microsoft Visual Studio Solution File, Format Version 12.00
# Visual Studio Version 17
VisualStudioVersion = 17.12.35707.178
MinimumVisualStudioVersion = 10.0.40219.1
Project("{FAE04EC0-301F-11D3-BF4B-00C04F79EFBC}") = "SSH.API", "SSH.API\SSH.API.csproj", "{343C5A95-A0CD-4A48-9B12-8B862933A4A0}"
EndProject
Project("{2150E333-8FDC-42A3-9474-1A3956D46DE8}") = "Framework", "Framework", "{14BF2865-9743-4758-B8D1-6FF504793CF9}"
EndProject
Project("{FAE04EC0-301F-11D3-BF4B-00C04F79EFBC}") = "SSH.Framework", "SSH.Framework\SSH.Framework.csproj", "{FE230941-11B9-4EEF-B406-1FFEE3708BA6}"
EndProject
Project("{FAE04EC0-301F-11D3-BF4B-00C04F79EFBC}") = "SSH.Framework.Caching", "SSH.Framework.Caching\SSH.Framework.Caching.csproj", "{43E6ED6D-AF51-475B-8612-CCC8DCF3ED16}"
EndProject
Project("{FAE04EC0-301F-11D3-BF4B-00C04F79EFBC}") = "SSH.Framework.CQRS", "SSH.Framework.CQRS\SSH.Framework.CQRS.csproj", "{BA02AF84-F2E8-48B8-8382-5C727C48FA5D}"
EndProject
Project("{FAE04EC0-301F-11D3-BF4B-00C04F79EFBC}") = "SSH.Framework.Logging", "SSH.Framework.Logging\SSH.Framework.Logging.csproj", "{7099CCB1-0D32-435B-8112-923C3506E3AF}"
EndProject
Project("{FAE04EC0-301F-11D3-BF4B-00C04F79EFBC}") = "SSH.Framework.Persistence", "SSH.Framewor.Persistence\SSH.Framework.Persistence.csproj", "{12695BDF-800C-4E41-8D79-F7E9B66E2831}"
EndProject
Project("{FAE04EC0-301F-11D3-BF4B-00C04F79EFBC}") = "SSH.Framework.Utilities", "SSH.Framework.Utilities\SSH.Framework.Utilities.csproj", "{6F0CE860-3654-47CB-9F4C-E82E78B40950}"
EndProject
Project("{FAE04EC0-301F-11D3-BF4B-00C04F79EFBC}") = "SSH.Framework.Context", "SSH.Framework.Context\SSH.Framework.Context.csproj", "{D9FEBADC-A3E8-45A4-83FD-7D080865625F}"
EndProject
Project("{2150E333-8FDC-42A3-9474-1A3956D46DE8}") = "Application", "Application", "{482F4A3C-1796-4F43-9288-8C1DBD934782}"
EndProject
Project("{2150E333-8FDC-42A3-9474-1A3956D46DE8}") = "Database", "Database", "{39BF8844-07ED-4437-93B8-C504CC162AAC}"
	ProjectSection(SolutionItems) = preProject
		Master_Schema.sql = Master_Schema.sql
	EndProjectSection
EndProject
Project("{2150E333-8FDC-42A3-9474-1A3956D46DE8}") = "_Common", "_Common", "{944DEA43-60EB-4A57-B8FD-20D627CF9D6D}"
EndProject
Project("{2150E333-8FDC-42A3-9474-1A3956D46DE8}") = "Modules", "Modules", "{096F8C37-7F8D-4CB2-BC8B-D9F11F9D81D6}"
EndProject
Project("{2150E333-8FDC-42A3-9474-1A3956D46DE8}") = "_Common", "_Common", "{FEDC53B7-0060-4539-AB72-A7EDB323EB07}"
EndProject
Project("{FAE04EC0-301F-11D3-BF4B-00C04F79EFBC}") = "SSH.Module.Common", "SSH.Module.Common\SSH.Module.Common.csproj", "{0453CE10-5651-4376-B6E4-78DA48BC8542}"
EndProject
Project("{FAE04EC0-301F-11D3-BF4B-00C04F79EFBC}") = "SSH.Module.Common.Domain", "SSH.Module.Common.Domain\SSH.Module.Common.Domain.csproj", "{0D255BE1-0625-4933-A2DB-79F26922CE6C}"
EndProject
Project("{FAE04EC0-301F-11D3-BF4B-00C04F79EFBC}") = "SSH.Module.Common.Domain.Mapping", "SSH.Module.Common.Domain.Mapping\SSH.Module.Common.Domain.Mapping.csproj", "{DCA0ED56-6658-4C5C-A41E-2D78D088FB7A}"
EndProject
Global
	GlobalSection(SolutionConfigurationPlatforms) = preSolution
		Debug|Any CPU = Debug|Any CPU
		Release|Any CPU = Release|Any CPU
	EndGlobalSection
	GlobalSection(ProjectConfigurationPlatforms) = postSolution
		{343C5A95-A0CD-4A48-9B12-8B862933A4A0}.Debug|Any CPU.ActiveCfg = Debug|Any CPU
		{343C5A95-A0CD-4A48-9B12-8B862933A4A0}.Debug|Any CPU.Build.0 = Debug|Any CPU
		{343C5A95-A0CD-4A48-9B12-8B862933A4A0}.Release|Any CPU.ActiveCfg = Release|Any CPU
		{343C5A95-A0CD-4A48-9B12-8B862933A4A0}.Release|Any CPU.Build.0 = Release|Any CPU
		{FE230941-11B9-4EEF-B406-1FFEE3708BA6}.Debug|Any CPU.ActiveCfg = Debug|Any CPU
		{FE230941-11B9-4EEF-B406-1FFEE3708BA6}.Debug|Any CPU.Build.0 = Debug|Any CPU
		{FE230941-11B9-4EEF-B406-1FFEE3708BA6}.Release|Any CPU.ActiveCfg = Release|Any CPU
		{FE230941-11B9-4EEF-B406-1FFEE3708BA6}.Release|Any CPU.Build.0 = Release|Any CPU
		{43E6ED6D-AF51-475B-8612-CCC8DCF3ED16}.Debug|Any CPU.ActiveCfg = Debug|Any CPU
		{43E6ED6D-AF51-475B-8612-CCC8DCF3ED16}.Debug|Any CPU.Build.0 = Debug|Any CPU
		{43E6ED6D-AF51-475B-8612-CCC8DCF3ED16}.Release|Any CPU.ActiveCfg = Release|Any CPU
		{43E6ED6D-AF51-475B-8612-CCC8DCF3ED16}.Release|Any CPU.Build.0 = Release|Any CPU
		{BA02AF84-F2E8-48B8-8382-5C727C48FA5D}.Debug|Any CPU.ActiveCfg = Debug|Any CPU
		{BA02AF84-F2E8-48B8-8382-5C727C48FA5D}.Debug|Any CPU.Build.0 = Debug|Any CPU
		{BA02AF84-F2E8-48B8-8382-5C727C48FA5D}.Release|Any CPU.ActiveCfg = Release|Any CPU
		{BA02AF84-F2E8-48B8-8382-5C727C48FA5D}.Release|Any CPU.Build.0 = Release|Any CPU
		{7099CCB1-0D32-435B-8112-923C3506E3AF}.Debug|Any CPU.ActiveCfg = Debug|Any CPU
		{7099CCB1-0D32-435B-8112-923C3506E3AF}.Debug|Any CPU.Build.0 = Debug|Any CPU
		{7099CCB1-0D32-435B-8112-923C3506E3AF}.Release|Any CPU.ActiveCfg = Release|Any CPU
		{7099CCB1-0D32-435B-8112-923C3506E3AF}.Release|Any CPU.Build.0 = Release|Any CPU
		{12695BDF-800C-4E41-8D79-F7E9B66E2831}.Debug|Any CPU.ActiveCfg = Debug|Any CPU
		{12695BDF-800C-4E41-8D79-F7E9B66E2831}.Debug|Any CPU.Build.0 = Debug|Any CPU
		{12695BDF-800C-4E41-8D79-F7E9B66E2831}.Release|Any CPU.ActiveCfg = Release|Any CPU
		{12695BDF-800C-4E41-8D79-F7E9B66E2831}.Release|Any CPU.Build.0 = Release|Any CPU
		{6F0CE860-3654-47CB-9F4C-E82E78B40950}.Debug|Any CPU.ActiveCfg = Debug|Any CPU
		{6F0CE860-3654-47CB-9F4C-E82E78B40950}.Debug|Any CPU.Build.0 = Debug|Any CPU
		{6F0CE860-3654-47CB-9F4C-E82E78B40950}.Release|Any CPU.ActiveCfg = Release|Any CPU
		{6F0CE860-3654-47CB-9F4C-E82E78B40950}.Release|Any CPU.Build.0 = Release|Any CPU
		{D9FEBADC-A3E8-45A4-83FD-7D080865625F}.Debug|Any CPU.ActiveCfg = Debug|Any CPU
		{D9FEBADC-A3E8-45A4-83FD-7D080865625F}.Debug|Any CPU.Build.0 = Debug|Any CPU
		{D9FEBADC-A3E8-45A4-83FD-7D080865625F}.Release|Any CPU.ActiveCfg = Release|Any CPU
		{D9FEBADC-A3E8-45A4-83FD-7D080865625F}.Release|Any CPU.Build.0 = Release|Any CPU
		{0453CE10-5651-4376-B6E4-78DA48BC8542}.Debug|Any CPU.ActiveCfg = Debug|Any CPU
		{0453CE10-5651-4376-B6E4-78DA48BC8542}.Debug|Any CPU.Build.0 = Debug|Any CPU
		{0453CE10-5651-4376-B6E4-78DA48BC8542}.Release|Any CPU.ActiveCfg = Release|Any CPU
		{0453CE10-5651-4376-B6E4-78DA48BC8542}.Release|Any CPU.Build.0 = Release|Any CPU
		{0D255BE1-0625-4933-A2DB-79F26922CE6C}.Debug|Any CPU.ActiveCfg = Debug|Any CPU
		{0D255BE1-0625-4933-A2DB-79F26922CE6C}.Debug|Any CPU.Build.0 = Debug|Any CPU
		{0D255BE1-0625-4933-A2DB-79F26922CE6C}.Release|Any CPU.ActiveCfg = Release|Any CPU
		{0D255BE1-0625-4933-A2DB-79F26922CE6C}.Release|Any CPU.Build.0 = Release|Any CPU
		{DCA0ED56-6658-4C5C-A41E-2D78D088FB7A}.Debug|Any CPU.ActiveCfg = Debug|Any CPU
		{DCA0ED56-6658-4C5C-A41E-2D78D088FB7A}.Debug|Any CPU.Build.0 = Debug|Any CPU
		{DCA0ED56-6658-4C5C-A41E-2D78D088FB7A}.Release|Any CPU.ActiveCfg = Release|Any CPU
		{DCA0ED56-6658-4C5C-A41E-2D78D088FB7A}.Release|Any CPU.Build.0 = Release|Any CPU
	EndGlobalSection
	GlobalSection(SolutionProperties) = preSolution
		HideSolutionNode = FALSE
	EndGlobalSection
	GlobalSection(NestedProjects) = preSolution
		{FE230941-11B9-4EEF-B406-1FFEE3708BA6} = {14BF2865-9743-4758-B8D1-6FF504793CF9}
		{43E6ED6D-AF51-475B-8612-CCC8DCF3ED16} = {14BF2865-9743-4758-B8D1-6FF504793CF9}
		{BA02AF84-F2E8-48B8-8382-5C727C48FA5D} = {14BF2865-9743-4758-B8D1-6FF504793CF9}
		{7099CCB1-0D32-435B-8112-923C3506E3AF} = {14BF2865-9743-4758-B8D1-6FF504793CF9}
		{12695BDF-800C-4E41-8D79-F7E9B66E2831} = {14BF2865-9743-4758-B8D1-6FF504793CF9}
		{6F0CE860-3654-47CB-9F4C-E82E78B40950} = {14BF2865-9743-4758-B8D1-6FF504793CF9}
		{D9FEBADC-A3E8-45A4-83FD-7D080865625F} = {14BF2865-9743-4758-B8D1-6FF504793CF9}
		{944DEA43-60EB-4A57-B8FD-20D627CF9D6D} = {482F4A3C-1796-4F43-9288-8C1DBD934782}
		{FEDC53B7-0060-4539-AB72-A7EDB323EB07} = {096F8C37-7F8D-4CB2-BC8B-D9F11F9D81D6}
		{0453CE10-5651-4376-B6E4-78DA48BC8542} = {FEDC53B7-0060-4539-AB72-A7EDB323EB07}
		{0D255BE1-0625-4933-A2DB-79F26922CE6C} = {FEDC53B7-0060-4539-AB72-A7EDB323EB07}
		{DCA0ED56-6658-4C5C-A41E-2D78D088FB7A} = {FEDC53B7-0060-4539-AB72-A7EDB323EB07}
	EndGlobalSection
EndGlobal
